
Microsoft Visual Studio Solution File, Format Version 12.00
# Visual Studio Version 17
VisualStudioVersion = 17.9.34728.123
MinimumVisualStudioVersion = 10.0.40219.1
Project("{FAE04EC0-301F-11D3-BF4B-00C04F79EFBC}") = "FindEmoji", "mATCH GAME\FindEmoji.csproj", "{6638DF46-87D4-407A-95B1-F0C297679687}"
EndProject
Global
	GlobalSection(SolutionConfigurationPlatforms) = preSolution
		Debug|Any CPU = Debug|Any CPU
		Release|Any CPU = Release|Any CPU
	EndGlobalSection
	GlobalSection(ProjectConfigurationPlatforms) = postSolution
		{6638DF46-87D4-407A-95B1-F0C297679687}.Debug|Any CPU.ActiveCfg = Debug|Any CPU
		{6638DF46-87D4-407A-95B1-F0C297679687}.Debug|Any CPU.Build.0 = Debug|Any CPU
		{6638DF46-87D4-407A-95B1-F0C297679687}.Release|Any CPU.ActiveCfg = Release|Any CPU
		{6638DF46-87D4-407A-95B1-F0C297679687}.Release|Any CPU.Build.0 = Release|Any CPU
	EndGlobalSection
	GlobalSection(SolutionProperties) = preSolution
		HideSolutionNode = FALSE
	EndGlobalSection
	GlobalSection(ExtensibilityGlobals) = postSolution
		SolutionGuid = {15957637-7D90-4016-9B3E-AE59459FB948}
	EndGlobalSection
EndGlobal
